
Microsoft Visual Studio Solution File, Format Version 12.00
# Visual Studio Version 17
VisualStudioVersion = 17.4.33110.190
MinimumVisualStudioVersion = 10.0.40219.1
Project("{9A19103F-16F7-4668-BE54-9A1E7A4F7556}") = "Blazor_Project.Server", "Blazor_Project\Server\Blazor_Project.Server.csproj", "{3BAEEB55-E093-4219-A5EF-6BA28EB5F7AD}"
EndProject
Project("{9A19103F-16F7-4668-BE54-9A1E7A4F7556}") = "Blazor_Project.Client", "Blazor_Project\Client\Blazor_Project.Client.csproj", "{95A6A165-A1EE-42A4-900A-71FE18C5AFBF}"
EndProject
Project("{9A19103F-16F7-4668-BE54-9A1E7A4F7556}") = "Blazor_Project.Shared", "Blazor_Project\Shared\Blazor_Project.Shared.csproj", "{B4D9D915-9032-4EDB-93F3-0A070627B02A}"
EndProject
Global
	GlobalSection(SolutionConfigurationPlatforms) = preSolution
		Debug|Any CPU = Debug|Any CPU
		Release|Any CPU = Release|Any CPU
	EndGlobalSection
	GlobalSection(ProjectConfigurationPlatforms) = postSolution
		{3BAEEB55-E093-4219-A5EF-6BA28EB5F7AD}.Debug|Any CPU.ActiveCfg = Debug|Any CPU
		{3BAEEB55-E093-4219-A5EF-6BA28EB5F7AD}.Debug|Any CPU.Build.0 = Debug|Any CPU
		{3BAEEB55-E093-4219-A5EF-6BA28EB5F7AD}.Release|Any CPU.ActiveCfg = Release|Any CPU
		{3BAEEB55-E093-4219-A5EF-6BA28EB5F7AD}.Release|Any CPU.Build.0 = Release|Any CPU
		{95A6A165-A1EE-42A4-900A-71FE18C5AFBF}.Debug|Any CPU.ActiveCfg = Debug|Any CPU
		{95A6A165-A1EE-42A4-900A-71FE18C5AFBF}.Debug|Any CPU.Build.0 = Debug|Any CPU
		{95A6A165-A1EE-42A4-900A-71FE18C5AFBF}.Release|Any CPU.ActiveCfg = Release|Any CPU
		{95A6A165-A1EE-42A4-900A-71FE18C5AFBF}.Release|Any CPU.Build.0 = Release|Any CPU
		{B4D9D915-9032-4EDB-93F3-0A070627B02A}.Debug|Any CPU.ActiveCfg = Debug|Any CPU
		{B4D9D915-9032-4EDB-93F3-0A070627B02A}.Debug|Any CPU.Build.0 = Debug|Any CPU
		{B4D9D915-9032-4EDB-93F3-0A070627B02A}.Release|Any CPU.ActiveCfg = Release|Any CPU
		{B4D9D915-9032-4EDB-93F3-0A070627B02A}.Release|Any CPU.Build.0 = Release|Any CPU
	EndGlobalSection
	GlobalSection(SolutionProperties) = preSolution
		HideSolutionNode = FALSE
	EndGlobalSection
	GlobalSection(ExtensibilityGlobals) = postSolution
		SolutionGuid = {A9900CEB-7D18-4215-BEF7-C0880D8E2B4A}
	EndGlobalSection
EndGlobal
